
Microsoft Visual Studio Solution File, Format Version 12.00
# Visual Studio Version 17
VisualStudioVersion = 17.7.34031.279
MinimumVisualStudioVersion = 10.0.40219.1
Project("{9A19103F-16F7-4668-BE54-9A1E7A4F7556}") = "Front", "Front\Front.csproj", "{26076D9E-F7F8-4F74-BCEB-FD143CF6998B}"
EndProject
Project("{9A19103F-16F7-4668-BE54-9A1E7A4F7556}") = "Back", "Back\Back.csproj", "{D11A36F9-2763-4A1C-92E1-FE8AA94343B9}"
EndProject
Project("{9A19103F-16F7-4668-BE54-9A1E7A4F7556}") = "WebApi", "WebApi\WebApi.csproj", "{09A55BEE-AD94-4F6B-A8F6-5ADFAD764BEB}"
EndProject
Project("{9A19103F-16F7-4668-BE54-9A1E7A4F7556}") = "SoporteReportes", "SoporteReportes\SoporteReportes.csproj", "{C8771113-C553-45AD-81D4-8D411F754867}"
EndProject
Global
	GlobalSection(SolutionConfigurationPlatforms) = preSolution
		Debug|Any CPU = Debug|Any CPU
		Release|Any CPU = Release|Any CPU
	EndGlobalSection
	GlobalSection(ProjectConfigurationPlatforms) = postSolution
		{26076D9E-F7F8-4F74-BCEB-FD143CF6998B}.Debug|Any CPU.ActiveCfg = Debug|Any CPU
		{26076D9E-F7F8-4F74-BCEB-FD143CF6998B}.Debug|Any CPU.Build.0 = Debug|Any CPU
		{26076D9E-F7F8-4F74-BCEB-FD143CF6998B}.Release|Any CPU.ActiveCfg = Release|Any CPU
		{26076D9E-F7F8-4F74-BCEB-FD143CF6998B}.Release|Any CPU.Build.0 = Release|Any CPU
		{D11A36F9-2763-4A1C-92E1-FE8AA94343B9}.Debug|Any CPU.ActiveCfg = Debug|Any CPU
		{D11A36F9-2763-4A1C-92E1-FE8AA94343B9}.Debug|Any CPU.Build.0 = Debug|Any CPU
		{D11A36F9-2763-4A1C-92E1-FE8AA94343B9}.Release|Any CPU.ActiveCfg = Release|Any CPU
		{D11A36F9-2763-4A1C-92E1-FE8AA94343B9}.Release|Any CPU.Build.0 = Release|Any CPU
		{09A55BEE-AD94-4F6B-A8F6-5ADFAD764BEB}.Debug|Any CPU.ActiveCfg = Debug|Any CPU
		{09A55BEE-AD94-4F6B-A8F6-5ADFAD764BEB}.Debug|Any CPU.Build.0 = Debug|Any CPU
		{09A55BEE-AD94-4F6B-A8F6-5ADFAD764BEB}.Release|Any CPU.ActiveCfg = Release|Any CPU
		{09A55BEE-AD94-4F6B-A8F6-5ADFAD764BEB}.Release|Any CPU.Build.0 = Release|Any CPU
		{C8771113-C553-45AD-81D4-8D411F754867}.Debug|Any CPU.ActiveCfg = Debug|Any CPU
		{C8771113-C553-45AD-81D4-8D411F754867}.Debug|Any CPU.Build.0 = Debug|Any CPU
		{C8771113-C553-45AD-81D4-8D411F754867}.Release|Any CPU.ActiveCfg = Release|Any CPU
		{C8771113-C553-45AD-81D4-8D411F754867}.Release|Any CPU.Build.0 = Release|Any CPU
	EndGlobalSection
	GlobalSection(SolutionProperties) = preSolution
		HideSolutionNode = FALSE
	EndGlobalSection
	GlobalSection(ExtensibilityGlobals) = postSolution
		SolutionGuid = {918F7E83-DF36-41F0-B494-A8361A5909F4}
	EndGlobalSection
EndGlobal
